<?xml version="1.0" encoding="UTF-8"?>
<Scheme
   LastUpgradeVersion = "0820"
   version = "1.7">
   <BuildAction
      parallelizeBuildables = "YES"
      buildImplicitDependencies = "YES">
      <PostActions>
         <ExecutionAction
            ActionType = "Xcode.IDEStandardExecutionActionsCore.ExecutionActionType.ShellScriptAction">
            <ActionContent
               title = "Run Script"
               scriptText = "TARGET_DIRECTORY=&quot;/Applications&quot;&#10;&#10;killall -9 Excerptor&#10;&#10;rm -rf &quot;${TARGET_DIRECTORY}/${WRAPPER_NAME}&quot;&#10;&#10;/System/Library/CoreServices/pbs -flush&#10;&#10;cp -rf &quot;${BUILT_PRODUCTS_DIR}/${WRAPPER_NAME}&quot; &quot;${TARGET_DIRECTORY}/${WRAPPER_NAME}&quot;&#10;&#10;rm -rf &quot;${BUILT_PRODUCTS_DIR}/${WRAPPER_NAME}&quot;&#10;&#10;/System/Library/CoreServices/pbs -flush&#10;">
               <EnvironmentBuildable>
                  <BuildableReference
                     BuildableIdentifier = "primary"
                     BlueprintIdentifier = "BDBF90E31B089B690022A375"
                     BuildableName = "Excerptor.app"
                     BlueprintName = "Excerptor"
                     ReferencedContainer = "container:Excerptor.xcodeproj">
                  </BuildableReference>
               </EnvironmentBuildable>
            </ActionContent>
         </ExecutionAction>
      </PostActions>
      <BuildActionEntries>
         <BuildActionEntry
            buildForTesting = "YES"
            buildForRunning = "YES"
            buildForProfiling = "YES"
            buildForArchiving = "YES"
            buildForAnalyzing = "YES">
            <BuildableReference
               BuildableIdentifier = "primary"
               BlueprintIdentifier = "BDBF90E31B089B690022A375"
               BuildableName = "Excerptor.app"
               BlueprintName = "Excerptor"
               ReferencedContainer = "container:Excerptor.xcodeproj">
            </BuildableReference>
         </BuildActionEntry>
      </BuildActionEntries>
   </BuildAction>
   <TestAction
      buildConfiguration = "Debug"
      selectedDebuggerIdentifier = "Xcode.DebuggerFoundation.Debugger.LLDB"
      selectedLauncherIdentifier = "Xcode.DebuggerFoundation.Launcher.LLDB"
      shouldUseLaunchSchemeArgsEnv = "YES">
      <Testables>
      </Testables>
      <MacroExpansion>
         <BuildableReference
            BuildableIdentifier = "primary"
            BlueprintIdentifier = "BDBF90E31B089B690022A375"
            BuildableName = "Excerptor.app"
            BlueprintName = "Excerptor"
            ReferencedContainer = "container:Excerptor.xcodeproj">
         </BuildableReference>
      </MacroExpansion>
      <AdditionalOptions>
      </AdditionalOptions>
   </TestAction>
   <LaunchAction
      buildConfiguration = "Debug"
      selectedDebuggerIdentifier = "Xcode.DebuggerFoundation.Debugger.LLDB"
      selectedLauncherIdentifier = "Xcode.DebuggerFoundation.Launcher.LLDB"
      launchStyle = "0"
      useCustomWorkingDirectory = "NO"
      ignoresPersistentStateOnLaunch = "NO"
      debugDocumentVersioning = "YES"
      debugServiceExtension = "internal"
      allowLocationSimulation = "YES">
      <BuildableProductRunnable
         runnableDebuggingMode = "0">
         <BuildableReference
            BuildableIdentifier = "primary"
            BlueprintIdentifier = "BDBF90E31B089B690022A375"
            BuildableName = "Excerptor.app"
            BlueprintName = "Excerptor"
            ReferencedContainer = "container:Excerptor.xcodeproj">
         </BuildableReference>
      </BuildableProductRunnable>
      <AdditionalOptions>
      </AdditionalOptions>
   </LaunchAction>
   <ProfileAction
      buildConfiguration = "Release"
      shouldUseLaunchSchemeArgsEnv = "YES"
      savedToolIdentifier = ""
      useCustomWorkingDirectory = "NO"
      debugDocumentVersioning = "YES">
      <BuildableProductRunnable
         runnableDebuggingMode = "0">
         <BuildableReference
            BuildableIdentifier = "primary"
            BlueprintIdentifier = "BDBF90E31B089B690022A375"
            BuildableName = "Excerptor.app"
            BlueprintName = "Excerptor"
            ReferencedContainer = "container:Excerptor.xcodeproj">
         </BuildableReference>
      </BuildableProductRunnable>
   </ProfileAction>
   <AnalyzeAction
      buildConfiguration = "Debug">
   </AnalyzeAction>
   <ArchiveAction
      buildConfiguration = "Release"
      revealArchiveInOrganizer = "YES">
   </ArchiveAction>
</Scheme>
