<?xml version="1.0" encoding="UTF-8"?>
<Scheme
   LastUpgradeVersion = "0630"
   version = "2.0">
   <BuildAction
      parallelizeBuildables = "YES"
      buildImplicitDependencies = "YES">
      <PostActions>
         <ExecutionAction
            ActionType = "Xcode.IDEStandardExecutionActionsCore.ExecutionActionType.ShellScriptAction">
            <ActionContent
               title = "Run Script"
               scriptText = "TARGET_DIRECTORY=&quot;$HOME/Library/Application Support/SIMBL/Plugins&quot;&#10;&#10;killall -9 Preview&#10;killall -9 Skim&#10;&#10;rm -rf &quot;${TARGET_DIRECTORY}/${WRAPPER_NAME}&quot;&#10;&#10;cp -rf &quot;${BUILT_PRODUCTS_DIR}/${WRAPPER_NAME}&quot; &quot;${TARGET_DIRECTORY}/${WRAPPER_NAME}&quot;">
               <EnvironmentBuildable>
                  <BuildableReference
                     BuildableIdentifier = "primary"
                     BlueprintIdentifier = "BDBF91231B089BC70022A375"
                     BuildableName = "PDFReaderPlugin.bundle"
                     BlueprintName = "PDFReaderPlugin"
                     ReferencedContainer = "container:Excerptor.xcodeproj">
                  </BuildableReference>
               </EnvironmentBuildable>
            </ActionContent>
         </ExecutionAction>
      </PostActions>
      <BuildActionEntries>
         <BuildActionEntry
            buildForTesting = "YES"
            buildForRunning = "YES"
            buildForProfiling = "YES"
            buildForArchiving = "YES"
            buildForAnalyzing = "YES">
            <BuildableReference
               BuildableIdentifier = "primary"
               BlueprintIdentifier = "BDBF91231B089BC70022A375"
               BuildableName = "PDFReaderPlugin.bundle"
               BlueprintName = "PDFReaderPlugin"
               ReferencedContainer = "container:Excerptor.xcodeproj">
            </BuildableReference>
         </BuildActionEntry>
      </BuildActionEntries>
   </BuildAction>
   <TestAction
      selectedDebuggerIdentifier = "Xcode.DebuggerFoundation.Debugger.LLDB"
      selectedLauncherIdentifier = "Xcode.DebuggerFoundation.Launcher.LLDB"
      shouldUseLaunchSchemeArgsEnv = "YES"
      buildConfiguration = "Debug">
      <Testables>
      </Testables>
   </TestAction>
   <LaunchAction
      selectedDebuggerIdentifier = "Xcode.DebuggerFoundation.Debugger.LLDB"
      selectedLauncherIdentifier = "Xcode.DebuggerFoundation.Launcher.LLDB"
      launchStyle = "0"
      useCustomWorkingDirectory = "NO"
      buildConfiguration = "Debug"
      ignoresPersistentStateOnLaunch = "NO"
      debugDocumentVersioning = "YES"
      allowLocationSimulation = "YES"
      launchAutomaticallySubstyle = "2">
      <PathRunnable
         runnableDebuggingMode = "0"
         FilePath = "/Users/guoc/Library/Developer/Xcode/DerivedData/Excerptor-gujuwieulgaaieedjfifysgexfdw/Build/Products/Install SIMBL Plugin PDFReaderPlugin">
      </PathRunnable>
      <MacroExpansion>
         <BuildableReference
            BuildableIdentifier = "primary"
            BlueprintIdentifier = "BDBF91231B089BC70022A375"
            BuildableName = "PDFReaderPlugin.bundle"
            BlueprintName = "PDFReaderPlugin"
            ReferencedContainer = "container:Excerptor.xcodeproj">
         </BuildableReference>
      </MacroExpansion>
      <AdditionalOptions>
      </AdditionalOptions>
   </LaunchAction>
   <ProfileAction
      shouldUseLaunchSchemeArgsEnv = "YES"
      savedToolIdentifier = ""
      useCustomWorkingDirectory = "NO"
      buildConfiguration = "Release"
      debugDocumentVersioning = "YES">
      <MacroExpansion>
         <BuildableReference
            BuildableIdentifier = "primary"
            BlueprintIdentifier = "BDBF91231B089BC70022A375"
            BuildableName = "PDFReaderPlugin.bundle"
            BlueprintName = "PDFReaderPlugin"
            ReferencedContainer = "container:Excerptor.xcodeproj">
         </BuildableReference>
      </MacroExpansion>
   </ProfileAction>
   <AnalyzeAction
      buildConfiguration = "Debug">
   </AnalyzeAction>
   <ArchiveAction
      buildConfiguration = "Release"
      revealArchiveInOrganizer = "YES">
   </ArchiveAction>
</Scheme>
